{
  "object": {
    "pins": [
      {
        "package": "DeviceKit",
        "repositoryURL": "https://github.com/devicekit/DeviceKit.git",
        "state": {
          "branch": null,
          "revision": "5757447e9f92c476ee2ca41ead7eb6db07936430",
          "version": "5.4.0"
        }
      }
    ]
  },
  "version": 1
}
