{
  "object": {
    "pins": [
      {
        "package": "DeviceKit",
        "repositoryURL": "https://github.com/devicekit/DeviceKit.git",
        "state": {
          "branch": null,
          "revision": "d37e70cb2646666dcf276d7d3d4a9760a41ff8a6",
          "version": "4.9.0"
        }
      }
    ]
  },
  "version": 1
}
